// !$*UTF8*$!
{
	archiveVersion = 1;
	classes = {
	};
	objectVersion = 50;
	objects = {

/* Begin PBXBuildFile section */
		2C4EBAE922FA72A8006949BB /* AppDelegate.swift in Sources */ = {isa = PBXBuildFile; fileRef = 2C4EBAE822FA72A8006949BB /* AppDelegate.swift */; };
		2C4EBAEB22FA72A8006949BB /* ViewController.swift in Sources */ = {isa = PBXBuildFile; fileRef = 2C4EBAEA22FA72A8006949BB /* ViewController.swift */; };
		2C4EBAEE22FA72A8006949BB /* Main.storyboard in Resources */ = {isa = PBXBuildFile; fileRef = 2C4EBAEC22FA72A8006949BB /* Main.storyboard */; };
		2C4EBAF022FA72A9006949BB /* Assets.xcassets in Resources */ = {isa = PBXBuildFile; fileRef = 2C4EBAEF22FA72A9006949BB /* Assets.xcassets */; };
		2C4EBAF322FA72A9006949BB /* LaunchScreen.storyboard in Resources */ = {isa = PBXBuildFile; fileRef = 2C4EBAF122FA72A9006949BB /* LaunchScreen.storyboard */; };
		2C4EBAFB22FA72B1006949BB /* SZT9.framework in Frameworks */ = {isa = PBXBuildFile; fileRef = 2C4EBAFA22FA72B1006949BB /* SZT9.framework */; };
		2C4EBB0122FA741E006949BB /* libc++abi.tbd in Frameworks */ = {isa = PBXBuildFile; fileRef = 2C4EBB0022FA741E006949BB /* libc++abi.tbd */; };
/* End PBXBuildFile section */

/* Begin PBXFileReference section */
		2C4EBAE522FA72A8006949BB /* T9Test.app */ = {isa = PBXFileReference; explicitFileType = wrapper.application; includeInIndex = 0; path = T9Test.app; sourceTree = BUILT_PRODUCTS_DIR; };
		2C4EBAE822FA72A8006949BB /* AppDelegate.swift */ = {isa = PBXFileReference; lastKnownFileType = sourcecode.swift; path = AppDelegate.swift; sourceTree = "<group>"; };
		2C4EBAEA22FA72A8006949BB /* ViewController.swift */ = {isa = PBXFileReference; lastKnownFileType = sourcecode.swift; path = ViewController.swift; sourceTree = "<group>"; };
		2C4EBAED22FA72A8006949BB /* Base */ = {isa = PBXFileReference; lastKnownFileType = file.storyboard; name = Base; path = Base.lproj/Main.storyboard; sourceTree = "<group>"; };
		2C4EBAEF22FA72A9006949BB /* Assets.xcassets */ = {isa = PBXFileReference; lastKnownFileType = folder.assetcatalog; path = Assets.xcassets; sourceTree = "<group>"; };
		2C4EBAF222FA72A9006949BB /* Base */ = {isa = PBXFileReference; lastKnownFileType = file.storyboard; name = Base; path = Base.lproj/LaunchScreen.storyboard; sourceTree = "<group>"; };
		2C4EBAF422FA72A9006949BB /* Info.plist */ = {isa = PBXFileReference; lastKnownFileType = text.plist.xml; path = Info.plist; sourceTree = "<group>"; };
		2C4EBAFA22FA72B1006949BB /* SZT9.framework */ = {isa = PBXFileReference; lastKnownFileType = wrapper.framework; path = SZT9.framework; sourceTree = "<group>"; };
		2C4EBB0022FA741E006949BB /* libc++abi.tbd */ = {isa = PBXFileReference; lastKnownFileType = "sourcecode.text-based-dylib-definition"; name = "libc++abi.tbd"; path = "usr/lib/libc++abi.tbd"; sourceTree = SDKROOT; };
/* End PBXFileReference section */

/* Begin PBXFrameworksBuildPhase section */
		2C4EBAE222FA72A8006949BB /* Frameworks */ = {
			isa = PBXFrameworksBuildPhase;
			buildActionMask = 2147483647;
			files = (
				2C4EBB0122FA741E006949BB /* libc++abi.tbd in Frameworks */,
				2C4EBAFB22FA72B1006949BB /* SZT9.framework in Frameworks */,
			);
			runOnlyForDeploymentPostprocessing = 0;
		};
/* End PBXFrameworksBuildPhase section */

/* Begin PBXGroup section */
		2C4EBADC22FA72A8006949BB = {
			isa = PBXGroup;
			children = (
				2C4EBAE722FA72A8006949BB /* T9Test */,
				2C4EBAE622FA72A8006949BB /* Products */,
				2C4EBAFF22FA741E006949BB /* Frameworks */,
			);
			sourceTree = "<group>";
		};
		2C4EBAE622FA72A8006949BB /* Products */ = {
			isa = PBXGroup;
			children = (
				2C4EBAE522FA72A8006949BB /* T9Test.app */,
			);
			name = Products;
			sourceTree = "<group>";
		};
		2C4EBAE722FA72A8006949BB /* T9Test */ = {
			isa = PBXGroup;
			children = (
				2C4EBAE822FA72A8006949BB /* AppDelegate.swift */,
				2C4EBAEA22FA72A8006949BB /* ViewController.swift */,
				2C4EBAEC22FA72A8006949BB /* Main.storyboard */,
				2C4EBAEF22FA72A9006949BB /* Assets.xcassets */,
				2C4EBAF122FA72A9006949BB /* LaunchScreen.storyboard */,
				2C4EBAF422FA72A9006949BB /* Info.plist */,
				2C4EBAFA22FA72B1006949BB /* SZT9.framework */,
			);
			path = T9Test;
			sourceTree = "<group>";
		};
		2C4EBAFF22FA741E006949BB /* Frameworks */ = {
			isa = PBXGroup;
			children = (
				2C4EBB0022FA741E006949BB /* libc++abi.tbd */,
			);
			name = Frameworks;
			sourceTree = "<group>";
		};
/* End PBXGroup section */

/* Begin PBXNativeTarget section */
		2C4EBAE422FA72A8006949BB /* T9Test */ = {
			isa = PBXNativeTarget;
			buildConfigurationList = 2C4EBAF722FA72A9006949BB /* Build configuration list for PBXNativeTarget "T9Test" */;
			buildPhases = (
				2C4EBAE122FA72A8006949BB /* Sources */,
				2C4EBAE222FA72A8006949BB /* Frameworks */,
				2C4EBAE322FA72A8006949BB /* Resources */,
			);
			buildRules = (
			);
			dependencies = (
			);
			name = T9Test;
			productName = T9Test;
			productReference = 2C4EBAE522FA72A8006949BB /* T9Test.app */;
			productType = "com.apple.product-type.application";
		};
/* End PBXNativeTarget section */

/* Begin PBXProject section */
		2C4EBADD22FA72A8006949BB /* Project object */ = {
			isa = PBXProject;
			attributes = {
				LastSwiftUpdateCheck = 1030;
				LastUpgradeCheck = 1030;
				ORGANIZATIONNAME = "刘彦直";
				TargetAttributes = {
					2C4EBAE422FA72A8006949BB = {
						CreatedOnToolsVersion = 10.3;
					};
				};
			};
			buildConfigurationList = 2C4EBAE022FA72A8006949BB /* Build configuration list for PBXProject "T9Test" */;
			compatibilityVersion = "Xcode 9.3";
			developmentRegion = en;
			hasScannedForEncodings = 0;
			knownRegions = (
				en,
				Base,
			);
			mainGroup = 2C4EBADC22FA72A8006949BB;
			productRefGroup = 2C4EBAE622FA72A8006949BB /* Products */;
			projectDirPath = "";
			projectRoot = "";
			targets = (
				2C4EBAE422FA72A8006949BB /* T9Test */,
			);
		};
/* End PBXProject section */

/* Begin PBXResourcesBuildPhase section */
		2C4EBAE322FA72A8006949BB /* Resources */ = {
			isa = PBXResourcesBuildPhase;
			buildActionMask = 2147483647;
			files = (
				2C4EBAF322FA72A9006949BB /* LaunchScreen.storyboard in Resources */,
				2C4EBAF022FA72A9006949BB /* Assets.xcassets in Resources */,
				2C4EBAEE22FA72A8006949BB /* Main.storyboard in Resources */,
			);
			runOnlyForDeploymentPostprocessing = 0;
		};
/* End PBXResourcesBuildPhase section */

/* Begin PBXSourcesBuildPhase section */
		2C4EBAE122FA72A8006949BB /* Sources */ = {
			isa = PBXSourcesBuildPhase;
			buildActionMask = 2147483647;
			files = (
				2C4EBAEB22FA72A8006949BB /* ViewController.swift in Sources */,
				2C4EBAE922FA72A8006949BB /* AppDelegate.swift in Sources */,
			);
			runOnlyForDeploymentPostprocessing = 0;
		};
/* End PBXSourcesBuildPhase section */

/* Begin PBXVariantGroup section */
		2C4EBAEC22FA72A8006949BB /* Main.storyboard */ = {
			isa = PBXVariantGroup;
			children = (
				2C4EBAED22FA72A8006949BB /* Base */,
			);
			name = Main.storyboard;
			sourceTree = "<group>";
		};
		2C4EBAF122FA72A9006949BB /* LaunchScreen.storyboard */ = {
			isa = PBXVariantGroup;
			children = (
				2C4EBAF222FA72A9006949BB /* Base */,
			);
			name = LaunchScreen.storyboard;
			sourceTree = "<group>";
		};
/* End PBXVariantGroup section */

/* Begin XCBuildConfiguration section */
		2C4EBAF522FA72A9006949BB /* Debug */ = {
			isa = XCBuildConfiguration;
			buildSettings = {
				ALWAYS_SEARCH_USER_PATHS = NO;
				CLANG_ANALYZER_NONNULL = YES;
				CLANG_ANALYZER_NUMBER_OBJECT_CONVERSION = YES_AGGRESSIVE;
				CLANG_CXX_LANGUAGE_STANDARD = "gnu++14";
				CLANG_CXX_LIBRARY = "libc++";
				CLANG_ENABLE_MODULES = YES;
				CLANG_ENABLE_OBJC_ARC = YES;
				CLANG_ENABLE_OBJC_WEAK = YES;
				CLANG_WARN_BLOCK_CAPTURE_AUTORELEASING = YES;
				CLANG_WARN_BOOL_CONVERSION = YES;
				CLANG_WARN_COMMA = YES;
				CLANG_WARN_CONSTANT_CONVERSION = YES;
				CLANG_WARN_DEPRECATED_OBJC_IMPLEMENTATIONS = YES;
				CLANG_WARN_DIRECT_OBJC_ISA_USAGE = YES_ERROR;
				CLANG_WARN_DOCUMENTATION_COMMENTS = YES;
				CLANG_WARN_EMPTY_BODY = YES;
				CLANG_WARN_ENUM_CONVERSION = YES;
				CLANG_WARN_INFINITE_RECURSION = YES;
				CLANG_WARN_INT_CONVERSION = YES;
				CLANG_WARN_NON_LITERAL_NULL_CONVERSION = YES;
				CLANG_WARN_OBJC_IMPLICIT_RETAIN_SELF = YES;
				CLANG_WARN_OBJC_LITERAL_CONVERSION = YES;
				CLANG_WARN_OBJC_ROOT_CLASS = YES_ERROR;
				CLANG_WARN_RANGE_LOOP_ANALYSIS = YES;
				CLANG_WARN_STRICT_PROTOTYPES = YES;
				CLANG_WARN_SUSPICIOUS_MOVE = YES;
				CLANG_WARN_UNGUARDED_AVAILABILITY = YES_AGGRESSIVE;
				CLANG_WARN_UNREACHABLE_CODE = YES;
				CLANG_WARN__DUPLICATE_METHOD_MATCH = YES;
				CODE_SIGN_IDENTITY = "iPhone Developer";
				COPY_PHASE_STRIP = NO;
				DEBUG_INFORMATION_FORMAT = dwarf;
				ENABLE_STRICT_OBJC_MSGSEND = YES;
				ENABLE_TESTABILITY = YES;
				GCC_C_LANGUAGE_STANDARD = gnu11;
				GCC_DYNAMIC_NO_PIC = NO;
				GCC_NO_COMMON_BLOCKS = YES;
				GCC_OPTIMIZATION_LEVEL = 0;
				GCC_PREPROCESSOR_DEFINITIONS = (
					"DEBUG=1",
					"$(inherited)",
				);
				GCC_WARN_64_TO_32_BIT_CONVERSION = YES;
				GCC_WARN_ABOUT_RETURN_TYPE = YES_ERROR;
				GCC_WARN_UNDECLARED_SELECTOR = YES;
				GCC_WARN_UNINITIALIZED_AUTOS = YES_AGGRESSIVE;
				GCC_WARN_UNUSED_FUNCTION = YES;
				GCC_WARN_UNUSED_VARIABLE = YES;
				IPHONEOS_DEPLOYMENT_TARGET = 12.4;
				MTL_ENABLE_DEBUG_INFO = INCLUDE_SOURCE;
				MTL_FAST_MATH = YES;
				ONLY_ACTIVE_ARCH = YES;
				SDKROOT = iphoneos;
				SWIFT_ACTIVE_COMPILATION_CONDITIONS = DEBUG;
				SWIFT_OPTIMIZATION_LEVEL = "-Onone";
			};
			name = Debug;
		};
		2C4EBAF622FA72A9006949BB /* Release */ = {
			isa = XCBuildConfiguration;
			buildSettings = {
				ALWAYS_SEARCH_USER_PATHS = NO;
				CLANG_ANALYZER_NONNULL = YES;
				CLANG_ANALYZER_NUMBER_OBJECT_CONVERSION = YES_AGGRESSIVE;
				CLANG_CXX_LANGUAGE_STANDARD = "gnu++14";
				CLANG_CXX_LIBRARY = "libc++";
				CLANG_ENABLE_MODULES = YES;
				CLANG_ENABLE_OBJC_ARC = YES;
				CLANG_ENABLE_OBJC_WEAK = YES;
				CLANG_WARN_BLOCK_CAPTURE_AUTORELEASING = YES;
				CLANG_WARN_BOOL_CONVERSION = YES;
				CLANG_WARN_COMMA = YES;
				CLANG_WARN_CONSTANT_CONVERSION = YES;
				CLANG_WARN_DEPRECATED_OBJC_IMPLEMENTATIONS = YES;
				CLANG_WARN_DIRECT_OBJC_ISA_USAGE = YES_ERROR;
				CLANG_WARN_DOCUMENTATION_COMMENTS = YES;
				CLANG_WARN_EMPTY_BODY = YES;
				CLANG_WARN_ENUM_CONVERSION = YES;
				CLANG_WARN_INFINITE_RECURSION = YES;
				CLANG_WARN_INT_CONVERSION = YES;
				CLANG_WARN_NON_LITERAL_NULL_CONVERSION = YES;
				CLANG_WARN_OBJC_IMPLICIT_RETAIN_SELF = YES;
				CLANG_WARN_OBJC_LITERAL_CONVERSION = YES;
				CLANG_WARN_OBJC_ROOT_CLASS = YES_ERROR;
				CLANG_WARN_RANGE_LOOP_ANALYSIS = YES;
				CLANG_WARN_STRICT_PROTOTYPES = YES;
				CLANG_WARN_SUSPICIOUS_MOVE = YES;
				CLANG_WARN_UNGUARDED_AVAILABILITY = YES_AGGRESSIVE;
				CLANG_WARN_UNREACHABLE_CODE = YES;
				CLANG_WARN__DUPLICATE_METHOD_MATCH = YES;
				CODE_SIGN_IDENTITY = "iPhone Developer";
				COPY_PHASE_STRIP = NO;
				DEBUG_INFORMATION_FORMAT = "dwarf-with-dsym";
				ENABLE_NS_ASSERTIONS = NO;
				ENABLE_STRICT_OBJC_MSGSEND = YES;
				GCC_C_LANGUAGE_STANDARD = gnu11;
				GCC_NO_COMMON_BLOCKS = YES;
				GCC_WARN_64_TO_32_BIT_CONVERSION = YES;
				GCC_WARN_ABOUT_RETURN_TYPE = YES_ERROR;
				GCC_WARN_UNDECLARED_SELECTOR = YES;
				GCC_WARN_UNINITIALIZED_AUTOS = YES_AGGRESSIVE;
				GCC_WARN_UNUSED_FUNCTION = YES;
				GCC_WARN_UNUSED_VARIABLE = YES;
				IPHONEOS_DEPLOYMENT_TARGET = 12.4;
				MTL_ENABLE_DEBUG_INFO = NO;
				MTL_FAST_MATH = YES;
				SDKROOT = iphoneos;
				SWIFT_COMPILATION_MODE = wholemodule;
				SWIFT_OPTIMIZATION_LEVEL = "-O";
				VALIDATE_PRODUCT = YES;
			};
			name = Release;
		};
		2C4EBAF822FA72A9006949BB /* Debug */ = {
			isa = XCBuildConfiguration;
			buildSettings = {
				ASSETCATALOG_COMPILER_APPICON_NAME = AppIcon;
				CODE_SIGN_STYLE = Automatic;
				DEVELOPMENT_TEAM = MP7R8DB55C;
				FRAMEWORK_SEARCH_PATHS = (
					"$(inherited)",
					"$(PROJECT_DIR)/T9Test",
				);
				INFOPLIST_FILE = T9Test/Info.plist;
				LD_RUNPATH_SEARCH_PATHS = (
					"$(inherited)",
					"@executable_path/Frameworks",
				);
				PRODUCT_BUNDLE_IDENTIFIER = com.szqd.T9Test;
				PRODUCT_NAME = "$(TARGET_NAME)";
				SWIFT_VERSION = 5.0;
				TARGETED_DEVICE_FAMILY = "1,2";
			};
			name = Debug;
		};
		2C4EBAF922FA72A9006949BB /* Release */ = {
			isa = XCBuildConfiguration;
			buildSettings = {
				ASSETCATALOG_COMPILER_APPICON_NAME = AppIcon;
				CODE_SIGN_STYLE = Automatic;
				DEVELOPMENT_TEAM = MP7R8DB55C;
				FRAMEWORK_SEARCH_PATHS = (
					"$(inherited)",
					"$(PROJECT_DIR)/T9Test",
				);
				INFOPLIST_FILE = T9Test/Info.plist;
				LD_RUNPATH_SEARCH_PATHS = (
					"$(inherited)",
					"@executable_path/Frameworks",
				);
				PRODUCT_BUNDLE_IDENTIFIER = com.szqd.T9Test;
				PRODUCT_NAME = "$(TARGET_NAME)";
				SWIFT_VERSION = 5.0;
				TARGETED_DEVICE_FAMILY = "1,2";
			};
			name = Release;
		};
/* End XCBuildConfiguration section */

/* Begin XCConfigurationList section */
		2C4EBAE022FA72A8006949BB /* Build configuration list for PBXProject "T9Test" */ = {
			isa = XCConfigurationList;
			buildConfigurations = (
				2C4EBAF522FA72A9006949BB /* Debug */,
				2C4EBAF622FA72A9006949BB /* Release */,
			);
			defaultConfigurationIsVisible = 0;
			defaultConfigurationName = Release;
		};
		2C4EBAF722FA72A9006949BB /* Build configuration list for PBXNativeTarget "T9Test" */ = {
			isa = XCConfigurationList;
			buildConfigurations = (
				2C4EBAF822FA72A9006949BB /* Debug */,
				2C4EBAF922FA72A9006949BB /* Release */,
			);
			defaultConfigurationIsVisible = 0;
			defaultConfigurationName = Release;
		};
/* End XCConfigurationList section */
	};
	rootObject = 2C4EBADD22FA72A8006949BB /* Project object */;
}
